
Microsoft Visual Studio Solution File, Format Version 12.00
# Visual Studio Version 17
VisualStudioVersion = 17.14.36401.2 d17.14
MinimumVisualStudioVersion = 10.0.40219.1
Project("{FAE04EC0-301F-11D3-BF4B-00C04F79EFBC}") = "NetBanking.Api", "NetBanking.Api\NetBanking.Api.csproj", "{47C23F3C-E9B1-469C-86C4-AA855F896BC4}"
EndProject
Global
	GlobalSection(SolutionConfigurationPlatforms) = preSolution
		Debug|Any CPU = Debug|Any CPU
		Release|Any CPU = Release|Any CPU
	EndGlobalSection
	GlobalSection(ProjectConfigurationPlatforms) = postSolution
		{47C23F3C-E9B1-469C-86C4-AA855F896BC4}.Debug|Any CPU.ActiveCfg = Debug|Any CPU
		{47C23F3C-E9B1-469C-86C4-AA855F896BC4}.Debug|Any CPU.Build.0 = Debug|Any CPU
		{47C23F3C-E9B1-469C-86C4-AA855F896BC4}.Release|Any CPU.ActiveCfg = Release|Any CPU
		{47C23F3C-E9B1-469C-86C4-AA855F896BC4}.Release|Any CPU.Build.0 = Release|Any CPU
	EndGlobalSection
	GlobalSection(SolutionProperties) = preSolution
		HideSolutionNode = FALSE
	EndGlobalSection
	GlobalSection(ExtensibilityGlobals) = postSolution
		SolutionGuid = {240E7A56-DB86-414A-833D-AC8FB1193DA7}
	EndGlobalSection
EndGlobal
